PODS:
  - clipboard_watcher (0.0.1):
    - Flutter
  - Flutter (1.0.0)

DEPENDENCIES:
  - clipboard_watcher (from `.symlinks/plugins/clipboard_watcher/ios`)
  - Flutter (from `Flutter`)

EXTERNAL SOURCES:
  clipboard_watcher:
    :path: ".symlinks/plugins/clipboard_watcher/ios"
  Flutter:
    :path: Flutter

SPEC CHECKSUMS:
  clipboard_watcher: 86fb70421aca6f4944e0591a8292605da7784666
  Flutter: e0871f40cf51350855a761d2e70bf5af5b9b5de7

PODFILE CHECKSUM: c4c93c5f6502fe2754f48404d3594bf779584011

COCOAPODS: 1.14.3
